
Microsoft Visual Studio Solution File, Format Version 12.00
# Visual Studio Version 16
VisualStudioVersion = 16.0.30114.105
MinimumVisualStudioVersion = 10.0.40219.1
Project("{FAE04EC0-301F-11D3-BF4B-00C04F79EFBC}") = "GerenciaDeImoveis", "GerenciaDeImoveis\GerenciaDeImoveis.csproj", "{3DA9AA38-833C-4353-8D2D-2C4839C5CD34}"
EndProject
Global
	GlobalSection(SolutionConfigurationPlatforms) = preSolution
		Debug|Any CPU = Debug|Any CPU
		Release|Any CPU = Release|Any CPU
	EndGlobalSection
	GlobalSection(ProjectConfigurationPlatforms) = postSolution
		{3DA9AA38-833C-4353-8D2D-2C4839C5CD34}.Debug|Any CPU.ActiveCfg = Debug|Any CPU
		{3DA9AA38-833C-4353-8D2D-2C4839C5CD34}.Debug|Any CPU.Build.0 = Debug|Any CPU
		{3DA9AA38-833C-4353-8D2D-2C4839C5CD34}.Release|Any CPU.ActiveCfg = Release|Any CPU
		{3DA9AA38-833C-4353-8D2D-2C4839C5CD34}.Release|Any CPU.Build.0 = Release|Any CPU
	EndGlobalSection
	GlobalSection(SolutionProperties) = preSolution
		HideSolutionNode = FALSE
	EndGlobalSection
	GlobalSection(ExtensibilityGlobals) = postSolution
		SolutionGuid = {96E58224-8C68-49F1-B236-95D64C502180}
	EndGlobalSection
EndGlobal
